// !$*UTF8*$!
{
	archiveVersion = 1;
	classes = {
	};
	objectVersion = 56;
	objects = {

/* Begin PBXBuildFile section */
		A1000001 /* FuriLensApp.swift in Sources */ = {isa = PBXBuildFile; fileRef = A1100001 /* FuriLensApp.swift */; };
		A1000002 /* ContentView.swift in Sources */ = {isa = PBXBuildFile; fileRef = A1100002 /* ContentView.swift */; };
		A1000003 /* TextOrientation.swift in Sources */ = {isa = PBXBuildFile; fileRef = A1100003 /* TextOrientation.swift */; };
		A1000004 /* DetectedTextBox.swift in Sources */ = {isa = PBXBuildFile; fileRef = A1100004 /* DetectedTextBox.swift */; };
		A1000005 /* FuriganaOverlay.swift in Sources */ = {isa = PBXBuildFile; fileRef = A1100005 /* FuriganaOverlay.swift */; };
		A1000006 /* FuriganaService.swift in Sources */ = {isa = PBXBuildFile; fileRef = A1100006 /* FuriganaService.swift */; };
		A1000007 /* CameraManager.swift in Sources */ = {isa = PBXBuildFile; fileRef = A1100007 /* CameraManager.swift */; };
		A1000008 /* TextRecognitionService.swift in Sources */ = {isa = PBXBuildFile; fileRef = A1100008 /* TextRecognitionService.swift */; };
		A1000009 /* CameraViewModel.swift in Sources */ = {isa = PBXBuildFile; fileRef = A1100009 /* CameraViewModel.swift */; };
		A1000010 /* CameraPreviewView.swift in Sources */ = {isa = PBXBuildFile; fileRef = A1100010 /* CameraPreviewView.swift */; };
		A1000011 /* FuriganaOverlayView.swift in Sources */ = {isa = PBXBuildFile; fileRef = A1100011 /* FuriganaOverlayView.swift */; };
		A1000012 /* OrientationControlView.swift in Sources */ = {isa = PBXBuildFile; fileRef = A1100012 /* OrientationControlView.swift */; };
		A1000013 /* CoordinateMapper.swift in Sources */ = {isa = PBXBuildFile; fileRef = A1100013 /* CoordinateMapper.swift */; };
		A1000014 /* Assets.xcassets in Resources */ = {isa = PBXBuildFile; fileRef = A1100015 /* Assets.xcassets */; };
		A1000020 /* FuriganaServiceTests.swift in Sources */ = {isa = PBXBuildFile; fileRef = A1100020 /* FuriganaServiceTests.swift */; };
/* End PBXBuildFile section */

/* Begin PBXContainerItemProxy section */
		A1300001 /* PBXContainerItemProxy */ = {
			isa = PBXContainerItemProxy;
			containerPortal = A1500001 /* Project object */;
			proxyType = 1;
			remoteGlobalIDString = A1200001;
			remoteInfo = FuriLens;
		};
/* End PBXContainerItemProxy section */

/* Begin PBXFileReference section */
		A1100001 /* FuriLensApp.swift */ = {isa = PBXFileReference; lastKnownFileType = sourcecode.swift; path = FuriLensApp.swift; sourceTree = "<group>"; };
		A1100002 /* ContentView.swift */ = {isa = PBXFileReference; lastKnownFileType = sourcecode.swift; path = ContentView.swift; sourceTree = "<group>"; };
		A1100003 /* TextOrientation.swift */ = {isa = PBXFileReference; lastKnownFileType = sourcecode.swift; path = TextOrientation.swift; sourceTree = "<group>"; };
		A1100004 /* DetectedTextBox.swift */ = {isa = PBXFileReference; lastKnownFileType = sourcecode.swift; path = DetectedTextBox.swift; sourceTree = "<group>"; };
		A1100005 /* FuriganaOverlay.swift */ = {isa = PBXFileReference; lastKnownFileType = sourcecode.swift; path = FuriganaOverlay.swift; sourceTree = "<group>"; };
		A1100006 /* FuriganaService.swift */ = {isa = PBXFileReference; lastKnownFileType = sourcecode.swift; path = FuriganaService.swift; sourceTree = "<group>"; };
		A1100007 /* CameraManager.swift */ = {isa = PBXFileReference; lastKnownFileType = sourcecode.swift; path = CameraManager.swift; sourceTree = "<group>"; };
		A1100008 /* TextRecognitionService.swift */ = {isa = PBXFileReference; lastKnownFileType = sourcecode.swift; path = TextRecognitionService.swift; sourceTree = "<group>"; };
		A1100009 /* CameraViewModel.swift */ = {isa = PBXFileReference; lastKnownFileType = sourcecode.swift; path = CameraViewModel.swift; sourceTree = "<group>"; };
		A1100010 /* CameraPreviewView.swift */ = {isa = PBXFileReference; lastKnownFileType = sourcecode.swift; path = CameraPreviewView.swift; sourceTree = "<group>"; };
		A1100011 /* FuriganaOverlayView.swift */ = {isa = PBXFileReference; lastKnownFileType = sourcecode.swift; path = FuriganaOverlayView.swift; sourceTree = "<group>"; };
		A1100012 /* OrientationControlView.swift */ = {isa = PBXFileReference; lastKnownFileType = sourcecode.swift; path = OrientationControlView.swift; sourceTree = "<group>"; };
		A1100013 /* CoordinateMapper.swift */ = {isa = PBXFileReference; lastKnownFileType = sourcecode.swift; path = CoordinateMapper.swift; sourceTree = "<group>"; };
		A1100014 /* Info.plist */ = {isa = PBXFileReference; lastKnownFileType = text.plist.xml; path = Info.plist; sourceTree = "<group>"; };
		A1100015 /* Assets.xcassets */ = {isa = PBXFileReference; lastKnownFileType = folder.assetcatalog; path = Assets.xcassets; sourceTree = "<group>"; };
		A1100020 /* FuriganaServiceTests.swift */ = {isa = PBXFileReference; lastKnownFileType = sourcecode.swift; path = FuriganaServiceTests.swift; sourceTree = "<group>"; };
		A1200001 /* FuriLens.app */ = {isa = PBXFileReference; explicitFileType = wrapper.application; includeInIndex = 0; path = FuriLens.app; sourceTree = BUILT_PRODUCTS_DIR; };
		A1200002 /* FuriLensTests.xctest */ = {isa = PBXFileReference; explicitFileType = wrapper.cfbundle; includeInIndex = 0; path = FuriLensTests.xctest; sourceTree = BUILT_PRODUCTS_DIR; };
/* End PBXFileReference section */

/* Begin PBXFrameworksBuildPhase section */
		A1400001 /* Frameworks */ = {
			isa = PBXFrameworksBuildPhase;
			buildActionMask = 2147483647;
			files = (
			);
			runOnlyForDeploymentPostprocessing = 0;
		};
		A1400002 /* Frameworks */ = {
			isa = PBXFrameworksBuildPhase;
			buildActionMask = 2147483647;
			files = (
			);
			runOnlyForDeploymentPostprocessing = 0;
		};
/* End PBXFrameworksBuildPhase section */

/* Begin PBXGroup section */
		A1600001 = {
			isa = PBXGroup;
			children = (
				A1600002 /* FuriLens */,
				A1600020 /* FuriLensTests */,
				A1600003 /* Products */,
			);
			sourceTree = "<group>";
		};
		A1600002 /* FuriLens */ = {
			isa = PBXGroup;
			children = (
				A1600004 /* App */,
				A1600005 /* Models */,
				A1600006 /* Services */,
				A1600007 /* ViewModels */,
				A1600008 /* Views */,
				A1600009 /* Utilities */,
				A1100015 /* Assets.xcassets */,
				A1100014 /* Info.plist */,
			);
			path = FuriLens;
			sourceTree = "<group>";
		};
		A1600003 /* Products */ = {
			isa = PBXGroup;
			children = (
				A1200001 /* FuriLens.app */,
				A1200002 /* FuriLensTests.xctest */,
			);
			name = Products;
			sourceTree = "<group>";
		};
		A1600004 /* App */ = {
			isa = PBXGroup;
			children = (
				A1100001 /* FuriLensApp.swift */,
			);
			path = App;
			sourceTree = "<group>";
		};
		A1600005 /* Models */ = {
			isa = PBXGroup;
			children = (
				A1100003 /* TextOrientation.swift */,
				A1100004 /* DetectedTextBox.swift */,
				A1100005 /* FuriganaOverlay.swift */,
			);
			path = Models;
			sourceTree = "<group>";
		};
		A1600006 /* Services */ = {
			isa = PBXGroup;
			children = (
				A1100006 /* FuriganaService.swift */,
				A1100007 /* CameraManager.swift */,
				A1100008 /* TextRecognitionService.swift */,
			);
			path = Services;
			sourceTree = "<group>";
		};
		A1600007 /* ViewModels */ = {
			isa = PBXGroup;
			children = (
				A1100009 /* CameraViewModel.swift */,
			);
			path = ViewModels;
			sourceTree = "<group>";
		};
		A1600008 /* Views */ = {
			isa = PBXGroup;
			children = (
				A1100002 /* ContentView.swift */,
				A1100010 /* CameraPreviewView.swift */,
				A1100011 /* FuriganaOverlayView.swift */,
				A1100012 /* OrientationControlView.swift */,
			);
			path = Views;
			sourceTree = "<group>";
		};
		A1600009 /* Utilities */ = {
			isa = PBXGroup;
			children = (
				A1100013 /* CoordinateMapper.swift */,
			);
			path = Utilities;
			sourceTree = "<group>";
		};
		A1600020 /* FuriLensTests */ = {
			isa = PBXGroup;
			children = (
				A1100020 /* FuriganaServiceTests.swift */,
			);
			path = FuriLensTests;
			sourceTree = "<group>";
		};
/* End PBXGroup section */

/* Begin PBXNativeTarget section */
		A1200001 /* FuriLens */ = {
			isa = PBXNativeTarget;
			buildConfigurationList = A1700001 /* Build configuration list for PBXNativeTarget "FuriLens" */;
			buildPhases = (
				A1400001 /* Frameworks */,
				A1800001 /* Sources */,
				A1900001 /* Resources */,
			);
			buildRules = (
			);
			dependencies = (
			);
			name = FuriLens;
			productName = FuriLens;
			productReference = A1200001 /* FuriLens.app */;
			productType = "com.apple.product-type.application";
		};
		A1200002 /* FuriLensTests */ = {
			isa = PBXNativeTarget;
			buildConfigurationList = A1700002 /* Build configuration list for PBXNativeTarget "FuriLensTests" */;
			buildPhases = (
				A1400002 /* Frameworks */,
				A1800002 /* Sources */,
			);
			buildRules = (
			);
			dependencies = (
				A1300002 /* PBXTargetDependency */,
			);
			name = FuriLensTests;
			productName = FuriLensTests;
			productReference = A1200002 /* FuriLensTests.xctest */;
			productType = "com.apple.product-type.bundle.unit-test";
		};
/* End PBXNativeTarget section */

/* Begin PBXProject section */
		A1500001 /* Project object */ = {
			isa = PBXProject;
			attributes = {
				BuildIndependentTargetsInParallel = 1;
				LastSwiftUpdateCheck = 1500;
				LastUpgradeCheck = 1500;
				TargetAttributes = {
					A1200001 = {
						CreatedOnToolsVersion = 15.0;
					};
					A1200002 = {
						CreatedOnToolsVersion = 15.0;
						TestTargetID = A1200001;
					};
				};
			};
			buildConfigurationList = A1700003 /* Build configuration list for PBXProject "FuriLens" */;
			compatibilityVersion = "Xcode 14.0";
			developmentRegion = en;
			hasScannedForEncodings = 0;
			knownRegions = (
				en,
				Base,
			);
			mainGroup = A1600001;
			productRefGroup = A1600003 /* Products */;
			projectDirPath = "";
			projectRoot = "";
			targets = (
				A1200001 /* FuriLens */,
				A1200002 /* FuriLensTests */,
			);
		};
/* End PBXProject section */

/* Begin PBXResourcesBuildPhase section */
		A1900001 /* Resources */ = {
			isa = PBXResourcesBuildPhase;
			buildActionMask = 2147483647;
			files = (
				A1000014 /* Assets.xcassets in Resources */,
			);
			runOnlyForDeploymentPostprocessing = 0;
		};
/* End PBXResourcesBuildPhase section */

/* Begin PBXSourcesBuildPhase section */
		A1800001 /* Sources */ = {
			isa = PBXSourcesBuildPhase;
			buildActionMask = 2147483647;
			files = (
				A1000001 /* FuriLensApp.swift in Sources */,
				A1000002 /* ContentView.swift in Sources */,
				A1000003 /* TextOrientation.swift in Sources */,
				A1000004 /* DetectedTextBox.swift in Sources */,
				A1000005 /* FuriganaOverlay.swift in Sources */,
				A1000006 /* FuriganaService.swift in Sources */,
				A1000007 /* CameraManager.swift in Sources */,
				A1000008 /* TextRecognitionService.swift in Sources */,
				A1000009 /* CameraViewModel.swift in Sources */,
				A1000010 /* CameraPreviewView.swift in Sources */,
				A1000011 /* FuriganaOverlayView.swift in Sources */,
				A1000012 /* OrientationControlView.swift in Sources */,
				A1000013 /* CoordinateMapper.swift in Sources */,
			);
			runOnlyForDeploymentPostprocessing = 0;
		};
		A1800002 /* Sources */ = {
			isa = PBXSourcesBuildPhase;
			buildActionMask = 2147483647;
			files = (
				A1000020 /* FuriganaServiceTests.swift in Sources */,
			);
			runOnlyForDeploymentPostprocessing = 0;
		};
/* End PBXSourcesBuildPhase section */

/* Begin PBXTargetDependency section */
		A1300002 /* PBXTargetDependency */ = {
			isa = PBXTargetDependency;
			target = A1200001 /* FuriLens */;
			targetProxy = A1300001 /* PBXContainerItemProxy */;
		};
/* End PBXTargetDependency section */

/* Begin XCBuildConfiguration section */
		A2000001 /* Debug */ = {
			isa = XCBuildConfiguration;
			buildSettings = {
				ALWAYS_SEARCH_USER_PATHS = NO;
				ASSETCATALOG_COMPILER_GENERATE_SWIFT_ASSET_SYMBOL_EXTENSIONS = YES;
				CLANG_ANALYZER_NONNULL = YES;
				CLANG_ANALYZER_NUMBER_OBJECT_CONVERSION = YES_AGGRESSIVE;
				CLANG_CXX_LANGUAGE_STANDARD = "gnu++20";
				CLANG_ENABLE_MODULES = YES;
				CLANG_ENABLE_OBJC_ARC = YES;
				CLANG_ENABLE_OBJC_WEAK = YES;
				CLANG_WARN_BLOCK_CAPTURE_AUTORELEASING = YES;
				CLANG_WARN_BOOL_CONVERSION = YES;
				CLANG_WARN_COMMA = YES;
				CLANG_WARN_CONSTANT_CONVERSION = YES;
				CLANG_WARN_DEPRECATED_OBJC_IMPLEMENTATIONS = YES;
				CLANG_WARN_DIRECT_OBJC_ISA_USAGE = YES_ERROR;
				CLANG_WARN_DOCUMENTATION_COMMENTS = YES;
				CLANG_WARN_EMPTY_BODY = YES;
				CLANG_WARN_ENUM_CONVERSION = YES;
				CLANG_WARN_INFINITE_RECURSION = YES;
				CLANG_WARN_INT_CONVERSION = YES;
				CLANG_WARN_NON_LITERAL_NULL_CONVERSION = YES;
				CLANG_WARN_OBJC_IMPLICIT_RETAIN_SELF = YES;
				CLANG_WARN_OBJC_LITERAL_CONVERSION = YES;
				CLANG_WARN_OBJC_ROOT_CLASS = YES_ERROR;
				CLANG_WARN_QUOTED_INCLUDE_IN_FRAMEWORK_HEADER = YES;
				CLANG_WARN_RANGE_LOOP_ANALYSIS = YES;
				CLANG_WARN_STRICT_PROTOTYPES = YES;
				CLANG_WARN_SUSPICIOUS_MOVE = YES;
				CLANG_WARN_UNGUARDED_AVAILABILITY = YES_AGGRESSIVE;
				CLANG_WARN_UNREACHABLE_CODE = YES;
				CLANG_WARN__DUPLICATE_METHOD_MATCH = YES;
				COPY_PHASE_STRIP = NO;
				DEBUG_INFORMATION_FORMAT = dwarf;
				ENABLE_STRICT_OBJC_MSGSEND = YES;
				ENABLE_TESTABILITY = YES;
				ENABLE_USER_SCRIPT_SANDBOXING = YES;
				GCC_C_LANGUAGE_STANDARD = gnu17;
				GCC_DYNAMIC_NO_PIC = NO;
				GCC_NO_COMMON_BLOCKS = YES;
				GCC_OPTIMIZATION_LEVEL = 0;
				GCC_PREPROCESSOR_DEFINITIONS = (
					"DEBUG=1",
					"$(inherited)",
				);
				GCC_WARN_64_TO_32_BIT_CONVERSION = YES;
				GCC_WARN_ABOUT_RETURN_TYPE = YES_ERROR;
				GCC_WARN_UNDECLARED_SELECTOR = YES;
				GCC_WARN_UNINITIALIZED_AUTOS = YES_AGGRESSIVE;
				GCC_WARN_UNUSED_FUNCTION = YES;
				GCC_WARN_UNUSED_VARIABLE = YES;
				IPHONEOS_DEPLOYMENT_TARGET = 17.0;
				LOCALIZATION_PREFERS_STRING_CATALOGS = YES;
				MTL_ENABLE_DEBUG_INFO = INCLUDE_SOURCE;
				MTL_FAST_MATH = YES;
				ONLY_ACTIVE_ARCH = YES;
				SDKROOT = iphoneos;
				SWIFT_ACTIVE_COMPILATION_CONDITIONS = "DEBUG $(inherited)";
				SWIFT_OPTIMIZATION_LEVEL = "-Onone";
			};
			name = Debug;
		};
		A2000002 /* Release */ = {
			isa = XCBuildConfiguration;
			buildSettings = {
				ALWAYS_SEARCH_USER_PATHS = NO;
				ASSETCATALOG_COMPILER_GENERATE_SWIFT_ASSET_SYMBOL_EXTENSIONS = YES;
				CLANG_ANALYZER_NONNULL = YES;
				CLANG_ANALYZER_NUMBER_OBJECT_CONVERSION = YES_AGGRESSIVE;
				CLANG_CXX_LANGUAGE_STANDARD = "gnu++20";
				CLANG_ENABLE_MODULES = YES;
				CLANG_ENABLE_OBJC_ARC = YES;
				CLANG_ENABLE_OBJC_WEAK = YES;
				CLANG_WARN_BLOCK_CAPTURE_AUTORELEASING = YES;
				CLANG_WARN_BOOL_CONVERSION = YES;
				CLANG_WARN_COMMA = YES;
				CLANG_WARN_CONSTANT_CONVERSION = YES;
				CLANG_WARN_DEPRECATED_OBJC_IMPLEMENTATIONS = YES;
				CLANG_WARN_DIRECT_OBJC_ISA_USAGE = YES_ERROR;
				CLANG_WARN_DOCUMENTATION_COMMENTS = YES;
				CLANG_WARN_EMPTY_BODY = YES;
				CLANG_WARN_ENUM_CONVERSION = YES;
				CLANG_WARN_INFINITE_RECURSION = YES;
				CLANG_WARN_INT_CONVERSION = YES;
				CLANG_WARN_NON_LITERAL_NULL_CONVERSION = YES;
				CLANG_WARN_OBJC_IMPLICIT_RETAIN_SELF = YES;
				CLANG_WARN_OBJC_LITERAL_CONVERSION = YES;
				CLANG_WARN_OBJC_ROOT_CLASS = YES_ERROR;
				CLANG_WARN_QUOTED_INCLUDE_IN_FRAMEWORK_HEADER = YES;
				CLANG_WARN_RANGE_LOOP_ANALYSIS = YES;
				CLANG_WARN_STRICT_PROTOTYPES = YES;
				CLANG_WARN_SUSPICIOUS_MOVE = YES;
				CLANG_WARN_UNGUARDED_AVAILABILITY = YES_AGGRESSIVE;
				CLANG_WARN_UNREACHABLE_CODE = YES;
				CLANG_WARN__DUPLICATE_METHOD_MATCH = YES;
				COPY_PHASE_STRIP = NO;
				DEBUG_INFORMATION_FORMAT = "dwarf-with-dsym";
				ENABLE_NS_ASSERTIONS = NO;
				ENABLE_STRICT_OBJC_MSGSEND = YES;
				ENABLE_USER_SCRIPT_SANDBOXING = YES;
				GCC_C_LANGUAGE_STANDARD = gnu17;
				GCC_NO_COMMON_BLOCKS = YES;
				GCC_WARN_64_TO_32_BIT_CONVERSION = YES;
				GCC_WARN_ABOUT_RETURN_TYPE = YES_ERROR;
				GCC_WARN_UNDECLARED_SELECTOR = YES;
				GCC_WARN_UNINITIALIZED_AUTOS = YES_AGGRESSIVE;
				GCC_WARN_UNUSED_FUNCTION = YES;
				GCC_WARN_UNUSED_VARIABLE = YES;
				IPHONEOS_DEPLOYMENT_TARGET = 17.0;
				LOCALIZATION_PREFERS_STRING_CATALOGS = YES;
				MTL_ENABLE_DEBUG_INFO = NO;
				MTL_FAST_MATH = YES;
				SDKROOT = iphoneos;
				SWIFT_COMPILATION_MODE = wholemodule;
				VALIDATE_PRODUCT = YES;
			};
			name = Release;
		};
		A2000003 /* Debug */ = {
			isa = XCBuildConfiguration;
			buildSettings = {
				ASSETCATALOG_COMPILER_APPICON_NAME = AppIcon;
				ASSETCATALOG_COMPILER_GLOBAL_ACCENT_COLOR_NAME = AccentColor;
				CODE_SIGN_STYLE = Automatic;
				CURRENT_PROJECT_VERSION = 1;
				DEVELOPMENT_TEAM = "";
				GENERATE_INFOPLIST_FILE = NO;
				INFOPLIST_FILE = FuriLens/Info.plist;
				INFOPLIST_KEY_UIApplicationSceneManifest_Generation = YES;
				INFOPLIST_KEY_UIApplicationSupportsIndirectInputEvents = YES;
				INFOPLIST_KEY_UILaunchScreen_Generation = YES;
				INFOPLIST_KEY_UISupportedInterfaceOrientations = UIInterfaceOrientationPortrait;
				INFOPLIST_KEY_UISupportedInterfaceOrientations_iPad = "UIInterfaceOrientationLandscapeLeft UIInterfaceOrientationLandscapeRight UIInterfaceOrientationPortrait UIInterfaceOrientationPortraitUpsideDown";
				LD_RUNPATH_SEARCH_PATHS = (
					"$(inherited)",
					"@executable_path/Frameworks",
				);
				MARKETING_VERSION = 1.0;
				PRODUCT_BUNDLE_IDENTIFIER = com.furilens.app;
				PRODUCT_NAME = "$(TARGET_NAME)";
				SUPPORTED_PLATFORMS = "iphoneos iphonesimulator";
				SUPPORTS_MACCATALYST = NO;
				SUPPORTS_MAC_DESIGNED_FOR_IPHONE_IPAD = NO;
				SWIFT_EMIT_LOC_STRINGS = YES;
				SWIFT_VERSION = 5.0;
				TARGETED_DEVICE_FAMILY = "1,2";
			};
			name = Debug;
		};
		A2000004 /* Release */ = {
			isa = XCBuildConfiguration;
			buildSettings = {
				ASSETCATALOG_COMPILER_APPICON_NAME = AppIcon;
				ASSETCATALOG_COMPILER_GLOBAL_ACCENT_COLOR_NAME = AccentColor;
				CODE_SIGN_STYLE = Automatic;
				CURRENT_PROJECT_VERSION = 1;
				DEVELOPMENT_TEAM = "";
				GENERATE_INFOPLIST_FILE = NO;
				INFOPLIST_FILE = FuriLens/Info.plist;
				INFOPLIST_KEY_UIApplicationSceneManifest_Generation = YES;
				INFOPLIST_KEY_UIApplicationSupportsIndirectInputEvents = YES;
				INFOPLIST_KEY_UILaunchScreen_Generation = YES;
				INFOPLIST_KEY_UISupportedInterfaceOrientations = UIInterfaceOrientationPortrait;
				INFOPLIST_KEY_UISupportedInterfaceOrientations_iPad = "UIInterfaceOrientationLandscapeLeft UIInterfaceOrientationLandscapeRight UIInterfaceOrientationPortrait UIInterfaceOrientationPortraitUpsideDown";
				LD_RUNPATH_SEARCH_PATHS = (
					"$(inherited)",
					"@executable_path/Frameworks",
				);
				MARKETING_VERSION = 1.0;
				PRODUCT_BUNDLE_IDENTIFIER = com.furilens.app;
				PRODUCT_NAME = "$(TARGET_NAME)";
				SUPPORTED_PLATFORMS = "iphoneos iphonesimulator";
				SUPPORTS_MACCATALYST = NO;
				SUPPORTS_MAC_DESIGNED_FOR_IPHONE_IPAD = NO;
				SWIFT_EMIT_LOC_STRINGS = YES;
				SWIFT_VERSION = 5.0;
				TARGETED_DEVICE_FAMILY = "1,2";
			};
			name = Release;
		};
		A2000005 /* Debug */ = {
			isa = XCBuildConfiguration;
			buildSettings = {
				ALWAYS_EMBED_SWIFT_STANDARD_LIBRARIES = YES;
				BUNDLE_LOADER = "$(TEST_HOST)";
				CODE_SIGN_STYLE = Automatic;
				CURRENT_PROJECT_VERSION = 1;
				DEVELOPMENT_TEAM = "";
				GENERATE_INFOPLIST_FILE = YES;
				MARKETING_VERSION = 1.0;
				PRODUCT_BUNDLE_IDENTIFIER = com.furilens.app.tests;
				PRODUCT_NAME = "$(TARGET_NAME)";
				SWIFT_EMIT_LOC_STRINGS = NO;
				SWIFT_VERSION = 5.0;
				TARGETED_DEVICE_FAMILY = "1,2";
				TEST_HOST = "$(BUILT_PRODUCTS_DIR)/FuriLens.app/$(BUNDLE_EXECUTABLE_FOLDER_PATH)/FuriLens";
			};
			name = Debug;
		};
		A2000006 /* Release */ = {
			isa = XCBuildConfiguration;
			buildSettings = {
				ALWAYS_EMBED_SWIFT_STANDARD_LIBRARIES = YES;
				BUNDLE_LOADER = "$(TEST_HOST)";
				CODE_SIGN_STYLE = Automatic;
				CURRENT_PROJECT_VERSION = 1;
				DEVELOPMENT_TEAM = "";
				GENERATE_INFOPLIST_FILE = YES;
				MARKETING_VERSION = 1.0;
				PRODUCT_BUNDLE_IDENTIFIER = com.furilens.app.tests;
				PRODUCT_NAME = "$(TARGET_NAME)";
				SWIFT_EMIT_LOC_STRINGS = NO;
				SWIFT_VERSION = 5.0;
				TARGETED_DEVICE_FAMILY = "1,2";
				TEST_HOST = "$(BUILT_PRODUCTS_DIR)/FuriLens.app/$(BUNDLE_EXECUTABLE_FOLDER_PATH)/FuriLens";
			};
			name = Release;
		};
/* End XCBuildConfiguration section */

/* Begin XCConfigurationList section */
		A1700001 /* Build configuration list for PBXNativeTarget "FuriLens" */ = {
			isa = XCConfigurationList;
			buildConfigurations = (
				A2000003 /* Debug */,
				A2000004 /* Release */,
			);
			defaultConfigurationIsVisible = 0;
			defaultConfigurationName = Release;
		};
		A1700002 /* Build configuration list for PBXNativeTarget "FuriLensTests" */ = {
			isa = XCConfigurationList;
			buildConfigurations = (
				A2000005 /* Debug */,
				A2000006 /* Release */,
			);
			defaultConfigurationIsVisible = 0;
			defaultConfigurationName = Release;
		};
		A1700003 /* Build configuration list for PBXProject "FuriLens" */ = {
			isa = XCConfigurationList;
			buildConfigurations = (
				A2000001 /* Debug */,
				A2000002 /* Release */,
			);
			defaultConfigurationIsVisible = 0;
			defaultConfigurationName = Release;
		};
/* End XCConfigurationList section */
	};
	rootObject = A1500001 /* Project object */;
}
